
Microsoft Visual Studio Solution File, Format Version 12.00
# Visual Studio Version 16
VisualStudioVersion = 16.0.29503.13
MinimumVisualStudioVersion = 10.0.40219.1
Project("{8BC9CEB8-8B4A-11D0-8D11-00A0C91BC942}") = "P18", "P18\P18.vcxproj", "{50E03563-66CF-4C10-A7EF-6FC830448328}"
EndProject
Global
	GlobalSection(SolutionConfigurationPlatforms) = preSolution
		Debug|x64 = Debug|x64
		Debug|x86 = Debug|x86
		Release|x64 = Release|x64
		Release|x86 = Release|x86
	EndGlobalSection
	GlobalSection(ProjectConfigurationPlatforms) = postSolution
		{50E03563-66CF-4C10-A7EF-6FC830448328}.Debug|x64.ActiveCfg = Debug|x64
		{50E03563-66CF-4C10-A7EF-6FC830448328}.Debug|x64.Build.0 = Debug|x64
		{50E03563-66CF-4C10-A7EF-6FC830448328}.Debug|x86.ActiveCfg = Debug|Win32
		{50E03563-66CF-4C10-A7EF-6FC830448328}.Debug|x86.Build.0 = Debug|Win32
		{50E03563-66CF-4C10-A7EF-6FC830448328}.Release|x64.ActiveCfg = Release|x64
		{50E03563-66CF-4C10-A7EF-6FC830448328}.Release|x64.Build.0 = Release|x64
		{50E03563-66CF-4C10-A7EF-6FC830448328}.Release|x86.ActiveCfg = Release|Win32
		{50E03563-66CF-4C10-A7EF-6FC830448328}.Release|x86.Build.0 = Release|Win32
	EndGlobalSection
	GlobalSection(SolutionProperties) = preSolution
		HideSolutionNode = FALSE
	EndGlobalSection
	GlobalSection(ExtensibilityGlobals) = postSolution
		SolutionGuid = {976109DA-68F5-4FAF-AE2D-FBB91B6E4164}
	EndGlobalSection
EndGlobal
