
Microsoft Visual Studio Solution File, Format Version 12.00
# Visual Studio Version 16
VisualStudioVersion = 16.0.29503.13
MinimumVisualStudioVersion = 10.0.40219.1
Project("{8BC9CEB8-8B4A-11D0-8D11-00A0C91BC942}") = "P28", "P28\P28.vcxproj", "{BDE1AAD2-0A76-409D-A722-0A0161675A25}"
EndProject
Global
	GlobalSection(SolutionConfigurationPlatforms) = preSolution
		Debug|x64 = Debug|x64
		Debug|x86 = Debug|x86
		Release|x64 = Release|x64
		Release|x86 = Release|x86
	EndGlobalSection
	GlobalSection(ProjectConfigurationPlatforms) = postSolution
		{BDE1AAD2-0A76-409D-A722-0A0161675A25}.Debug|x64.ActiveCfg = Debug|x64
		{BDE1AAD2-0A76-409D-A722-0A0161675A25}.Debug|x64.Build.0 = Debug|x64
		{BDE1AAD2-0A76-409D-A722-0A0161675A25}.Debug|x86.ActiveCfg = Debug|Win32
		{BDE1AAD2-0A76-409D-A722-0A0161675A25}.Debug|x86.Build.0 = Debug|Win32
		{BDE1AAD2-0A76-409D-A722-0A0161675A25}.Release|x64.ActiveCfg = Release|x64
		{BDE1AAD2-0A76-409D-A722-0A0161675A25}.Release|x64.Build.0 = Release|x64
		{BDE1AAD2-0A76-409D-A722-0A0161675A25}.Release|x86.ActiveCfg = Release|Win32
		{BDE1AAD2-0A76-409D-A722-0A0161675A25}.Release|x86.Build.0 = Release|Win32
	EndGlobalSection
	GlobalSection(SolutionProperties) = preSolution
		HideSolutionNode = FALSE
	EndGlobalSection
	GlobalSection(ExtensibilityGlobals) = postSolution
		SolutionGuid = {A66B7B32-DFB3-4C57-87F3-0D3CCB4165DD}
	EndGlobalSection
EndGlobal
