
Microsoft Visual Studio Solution File, Format Version 12.00
# Visual Studio Version 16
VisualStudioVersion = 16.0.29418.71
MinimumVisualStudioVersion = 10.0.40219.1
Project("{8BC9CEB8-8B4A-11D0-8D11-00A0C91BC942}") = "p20", "p20\p20.vcxproj", "{0096F532-D510-487D-AC82-250D33672F54}"
EndProject
Global
	GlobalSection(SolutionConfigurationPlatforms) = preSolution
		Debug|x64 = Debug|x64
		Debug|x86 = Debug|x86
		Release|x64 = Release|x64
		Release|x86 = Release|x86
	EndGlobalSection
	GlobalSection(ProjectConfigurationPlatforms) = postSolution
		{0096F532-D510-487D-AC82-250D33672F54}.Debug|x64.ActiveCfg = Debug|x64
		{0096F532-D510-487D-AC82-250D33672F54}.Debug|x64.Build.0 = Debug|x64
		{0096F532-D510-487D-AC82-250D33672F54}.Debug|x86.ActiveCfg = Debug|Win32
		{0096F532-D510-487D-AC82-250D33672F54}.Debug|x86.Build.0 = Debug|Win32
		{0096F532-D510-487D-AC82-250D33672F54}.Release|x64.ActiveCfg = Release|x64
		{0096F532-D510-487D-AC82-250D33672F54}.Release|x64.Build.0 = Release|x64
		{0096F532-D510-487D-AC82-250D33672F54}.Release|x86.ActiveCfg = Release|Win32
		{0096F532-D510-487D-AC82-250D33672F54}.Release|x86.Build.0 = Release|Win32
	EndGlobalSection
	GlobalSection(SolutionProperties) = preSolution
		HideSolutionNode = FALSE
	EndGlobalSection
	GlobalSection(ExtensibilityGlobals) = postSolution
		SolutionGuid = {2878CE07-5434-423A-8EB4-F82324458EAE}
	EndGlobalSection
EndGlobal
