
Microsoft Visual Studio Solution File, Format Version 12.00
# Visual Studio Version 16
VisualStudioVersion = 16.0.29418.71
MinimumVisualStudioVersion = 10.0.40219.1
Project("{8BC9CEB8-8B4A-11D0-8D11-00A0C91BC942}") = "5.28", "5.28\5.28.vcxproj", "{8B9714DE-9F33-4199-9B09-A4AE538FBC2A}"
EndProject
Global
	GlobalSection(SolutionConfigurationPlatforms) = preSolution
		Debug|x64 = Debug|x64
		Debug|x86 = Debug|x86
		Release|x64 = Release|x64
		Release|x86 = Release|x86
	EndGlobalSection
	GlobalSection(ProjectConfigurationPlatforms) = postSolution
		{8B9714DE-9F33-4199-9B09-A4AE538FBC2A}.Debug|x64.ActiveCfg = Debug|x64
		{8B9714DE-9F33-4199-9B09-A4AE538FBC2A}.Debug|x64.Build.0 = Debug|x64
		{8B9714DE-9F33-4199-9B09-A4AE538FBC2A}.Debug|x86.ActiveCfg = Debug|Win32
		{8B9714DE-9F33-4199-9B09-A4AE538FBC2A}.Debug|x86.Build.0 = Debug|Win32
		{8B9714DE-9F33-4199-9B09-A4AE538FBC2A}.Release|x64.ActiveCfg = Release|x64
		{8B9714DE-9F33-4199-9B09-A4AE538FBC2A}.Release|x64.Build.0 = Release|x64
		{8B9714DE-9F33-4199-9B09-A4AE538FBC2A}.Release|x86.ActiveCfg = Release|Win32
		{8B9714DE-9F33-4199-9B09-A4AE538FBC2A}.Release|x86.Build.0 = Release|Win32
	EndGlobalSection
	GlobalSection(SolutionProperties) = preSolution
		HideSolutionNode = FALSE
	EndGlobalSection
	GlobalSection(ExtensibilityGlobals) = postSolution
		SolutionGuid = {8E2B3452-E77A-4207-AD32-2D17E4AC862D}
	EndGlobalSection
EndGlobal
