
Microsoft Visual Studio Solution File, Format Version 12.00
# Visual Studio Version 16
VisualStudioVersion = 16.0.29503.13
MinimumVisualStudioVersion = 10.0.40219.1
Project("{8BC9CEB8-8B4A-11D0-8D11-00A0C91BC942}") = "P19", "P19\P19.vcxproj", "{7C5E7695-D640-4A3E-9C49-9E38A474380A}"
EndProject
Global
	GlobalSection(SolutionConfigurationPlatforms) = preSolution
		Debug|x64 = Debug|x64
		Debug|x86 = Debug|x86
		Release|x64 = Release|x64
		Release|x86 = Release|x86
	EndGlobalSection
	GlobalSection(ProjectConfigurationPlatforms) = postSolution
		{7C5E7695-D640-4A3E-9C49-9E38A474380A}.Debug|x64.ActiveCfg = Debug|x64
		{7C5E7695-D640-4A3E-9C49-9E38A474380A}.Debug|x64.Build.0 = Debug|x64
		{7C5E7695-D640-4A3E-9C49-9E38A474380A}.Debug|x86.ActiveCfg = Debug|Win32
		{7C5E7695-D640-4A3E-9C49-9E38A474380A}.Debug|x86.Build.0 = Debug|Win32
		{7C5E7695-D640-4A3E-9C49-9E38A474380A}.Release|x64.ActiveCfg = Release|x64
		{7C5E7695-D640-4A3E-9C49-9E38A474380A}.Release|x64.Build.0 = Release|x64
		{7C5E7695-D640-4A3E-9C49-9E38A474380A}.Release|x86.ActiveCfg = Release|Win32
		{7C5E7695-D640-4A3E-9C49-9E38A474380A}.Release|x86.Build.0 = Release|Win32
	EndGlobalSection
	GlobalSection(SolutionProperties) = preSolution
		HideSolutionNode = FALSE
	EndGlobalSection
	GlobalSection(ExtensibilityGlobals) = postSolution
		SolutionGuid = {44E1331C-64AE-44E3-AD22-2D909EB32D04}
	EndGlobalSection
EndGlobal
