
Microsoft Visual Studio Solution File, Format Version 12.00
# Visual Studio Version 16
VisualStudioVersion = 16.0.29418.71
MinimumVisualStudioVersion = 10.0.40219.1
Project("{8BC9CEB8-8B4A-11D0-8D11-00A0C91BC942}") = "p18", "p18\p18.vcxproj", "{8D4CC867-C2C2-4158-BD1C-0647496047DD}"
EndProject
Global
	GlobalSection(SolutionConfigurationPlatforms) = preSolution
		Debug|x64 = Debug|x64
		Debug|x86 = Debug|x86
		Release|x64 = Release|x64
		Release|x86 = Release|x86
	EndGlobalSection
	GlobalSection(ProjectConfigurationPlatforms) = postSolution
		{8D4CC867-C2C2-4158-BD1C-0647496047DD}.Debug|x64.ActiveCfg = Debug|x64
		{8D4CC867-C2C2-4158-BD1C-0647496047DD}.Debug|x64.Build.0 = Debug|x64
		{8D4CC867-C2C2-4158-BD1C-0647496047DD}.Debug|x86.ActiveCfg = Debug|Win32
		{8D4CC867-C2C2-4158-BD1C-0647496047DD}.Debug|x86.Build.0 = Debug|Win32
		{8D4CC867-C2C2-4158-BD1C-0647496047DD}.Release|x64.ActiveCfg = Release|x64
		{8D4CC867-C2C2-4158-BD1C-0647496047DD}.Release|x64.Build.0 = Release|x64
		{8D4CC867-C2C2-4158-BD1C-0647496047DD}.Release|x86.ActiveCfg = Release|Win32
		{8D4CC867-C2C2-4158-BD1C-0647496047DD}.Release|x86.Build.0 = Release|Win32
	EndGlobalSection
	GlobalSection(SolutionProperties) = preSolution
		HideSolutionNode = FALSE
	EndGlobalSection
	GlobalSection(ExtensibilityGlobals) = postSolution
		SolutionGuid = {E4B47659-62B9-4BB7-8950-32DD6E27F4E4}
	EndGlobalSection
EndGlobal
